{
  "name": "wallet-ui",
  "version": "0.0.0",
  "lockfileVersion": 3,
  "requires": true,
  "packages": {
    "": {
      "name": "wallet-ui",
      "version": "0.0.0",
      "license": "MIT",
      "dependencies": {
        "@dashincubator/secp256k1": "^1.7.1-5",
        "crypticstorage": "dashhive/CrypticStorage",
        "dashhd": "^3.1.0",
        "dashkeys": "^1.0.1",
        "dashphrase": "^1.3.9",
        "dashsight": "^1.6.0",
        "dashwallet": "^0.6.0",
        "qrcode-svg": "^1.1.0"
      },
      "devDependencies": {
        "@types/node": "^20.4.2"
      }
    },
    "node_modules/@dashincubator/secp256k1": {
      "version": "1.7.1-5",
      "resolved": "https://registry.npmjs.org/@dashincubator/secp256k1/-/secp256k1-1.7.1-5.tgz",
      "integrity": "sha512-3iA+RDZrJsRFPpWhlYkp3EdoFAlKjdqkNFiRwajMrzcpA/G/IBX0AnC1pwRLkTrM+tUowcyGrkJfT03U4ETZeg=="
    },
    "node_modules/@types/node": {
      "version": "20.4.2",
      "resolved": "https://registry.npmjs.org/@types/node/-/node-20.4.2.tgz",
      "integrity": "sha512-Dd0BYtWgnWJKwO1jkmTrzofjK2QXXcai0dmtzvIBhcA+RsG5h8R3xlyta0kGOZRNfL9GuRtb1knmPEhQrePCEw==",
      "dev": true
    },
    "node_modules/crypticstorage": {
      "version": "0.0.0",
      "resolved": "git+ssh://git@github.com/dashhive/CrypticStorage.git#a695b8ef78360a34d94a040ba356a1565f34630b",
      "license": "MIT"
    },
    "node_modules/dashhd": {
      "version": "3.1.0",
      "resolved": "https://registry.npmjs.org/dashhd/-/dashhd-3.1.0.tgz",
      "integrity": "sha512-Lphh/U0Y+kGQa9SGRxBUFZkzBGHEj60ltFs9DtLAtAhvEvf1IRV3EwBnnhmm89TF9UF0VK4JR0uNWOHIsFRNPg==",
      "dependencies": {
        "dashkeys": "^1.0.0"
      }
    },
    "node_modules/dashkeys": {
      "version": "1.0.1",
      "resolved": "https://registry.npmjs.org/dashkeys/-/dashkeys-1.0.1.tgz",
      "integrity": "sha512-j19pVJEuhDlfRNLBMVqwAwT8nX75BBKXYNKzZbLXRo8x5jgXU/Aav2jcfQ9KuU4gdpsyFXOJhFwzDewJVbnOxw=="
    },
    "node_modules/dashphrase": {
      "version": "1.3.9",
      "resolved": "https://registry.npmjs.org/dashphrase/-/dashphrase-1.3.9.tgz",
      "integrity": "sha512-Hh1LEoiNxp63DGCeWLauoHbDeVyE7xzOZhMNFGdiq0HDaQt1Zkq0kJ9yhiQj7Dq3rZrAPybGM0xkI8/wqY3+ig=="
    },
    "node_modules/dashsight": {
      "version": "1.6.0",
      "resolved": "https://registry.npmjs.org/dashsight/-/dashsight-1.6.0.tgz",
      "integrity": "sha512-bXjsEhx4GhZj27oi2G+Fp15bKbqUApYWWgZetdScHcJWB0ShKBwlXSA8BEoIzdaOXtlJpyulBO2JSkwRtrVyqQ==",
      "bin": {
        "dashsight-balance": "bin/balance.js",
        "dashsight-instantsend": "bin/instantsend.js",
        "dashsight-tx": "bin/tx.js",
        "dashsight-txs": "bin/txs.js",
        "dashsight-utxos": "bin/utxos.js"
      },
      "optionalDependencies": {
        "dotenv": "^16.0.1",
        "tough-cookie": "^4.1.2",
        "ws": "^8.13.0"
      }
    },
    "node_modules/dashtx": {
      "version": "0.9.0",
      "resolved": "https://registry.npmjs.org/dashtx/-/dashtx-0.9.0.tgz",
      "integrity": "sha512-DDbH5vPChUpOrYMOoM+6g/Iy99KqG4nkJ6f8TphnGibzAY7mitjMgtFSc62YzbZdoPGYeSPm8N4jmz+Mbwm7Eg==",
      "bin": {
        "dashtx-inspect": "bin/inspect.js"
      }
    },
    "node_modules/dashwallet": {
      "version": "0.6.0",
      "resolved": "https://registry.npmjs.org/dashwallet/-/dashwallet-0.6.0.tgz",
      "integrity": "sha512-rg510kNWJ2q0a2pBiW+NBG5ivzpzu9i7mm86rqDG302KwVlvryTyx4YfJKc8Q577gtyMEbEbDUQa4Ifb6dDVzg==",
      "dependencies": {
        "dashhd": "^3.0.5",
        "dashphrase": "^1.3.9",
        "dashsight": "^1.6.0",
        "dashtx": "^0.9.0"
      }
    },
    "node_modules/dotenv": {
      "version": "16.3.1",
      "resolved": "https://registry.npmjs.org/dotenv/-/dotenv-16.3.1.tgz",
      "integrity": "sha512-IPzF4w4/Rd94bA9imS68tZBaYyBWSCE47V1RGuMrB94iyTOIEwRmVL2x/4An+6mETpLrKJ5hQkB8W4kFAadeIQ==",
      "optional": true,
      "engines": {
        "node": ">=12"
      },
      "funding": {
        "url": "https://github.com/motdotla/dotenv?sponsor=1"
      }
    },
    "node_modules/psl": {
      "version": "1.9.0",
      "resolved": "https://registry.npmjs.org/psl/-/psl-1.9.0.tgz",
      "integrity": "sha512-E/ZsdU4HLs/68gYzgGTkMicWTLPdAftJLfJFlLUAAKZGkStNU72sZjT66SnMDVOfOWY/YAoiD7Jxa9iHvngcag==",
      "optional": true
    },
    "node_modules/punycode": {
      "version": "2.3.0",
      "resolved": "https://registry.npmjs.org/punycode/-/punycode-2.3.0.tgz",
      "integrity": "sha512-rRV+zQD8tVFys26lAGR9WUuS4iUAngJScM+ZRSKtvl5tKeZ2t5bvdNFdNHBW9FWR4guGHlgmsZ1G7BSm2wTbuA==",
      "optional": true,
      "engines": {
        "node": ">=6"
      }
    },
    "node_modules/qrcode-svg": {
      "version": "1.1.0",
      "resolved": "https://registry.npmjs.org/qrcode-svg/-/qrcode-svg-1.1.0.tgz",
      "integrity": "sha512-XyQCIXux1zEIA3NPb0AeR8UMYvXZzWEhgdBgBjH9gO7M48H9uoHzviNz8pXw3UzrAcxRRRn9gxHewAVK7bn9qw==",
      "bin": {
        "qrcode-svg": "bin/qrcode-svg.js"
      }
    },
    "node_modules/querystringify": {
      "version": "2.2.0",
      "resolved": "https://registry.npmjs.org/querystringify/-/querystringify-2.2.0.tgz",
      "integrity": "sha512-FIqgj2EUvTa7R50u0rGsyTftzjYmv/a3hO345bZNrqabNqjtgiDMgmo4mkUjd+nzU5oF3dClKqFIPUKybUyqoQ==",
      "optional": true
    },
    "node_modules/requires-port": {
      "version": "1.0.0",
      "resolved": "https://registry.npmjs.org/requires-port/-/requires-port-1.0.0.tgz",
      "integrity": "sha512-KigOCHcocU3XODJxsu8i/j8T9tzT4adHiecwORRQ0ZZFcp7ahwXuRU1m+yuO90C5ZUyGeGfocHDI14M3L3yDAQ==",
      "optional": true
    },
    "node_modules/tough-cookie": {
      "version": "4.1.3",
      "resolved": "https://registry.npmjs.org/tough-cookie/-/tough-cookie-4.1.3.tgz",
      "integrity": "sha512-aX/y5pVRkfRnfmuX+OdbSdXvPe6ieKX/G2s7e98f4poJHnqH3281gDPm/metm6E/WRamfx7WC4HUqkWHfQHprw==",
      "optional": true,
      "dependencies": {
        "psl": "^1.1.33",
        "punycode": "^2.1.1",
        "universalify": "^0.2.0",
        "url-parse": "^1.5.3"
      },
      "engines": {
        "node": ">=6"
      }
    },
    "node_modules/universalify": {
      "version": "0.2.0",
      "resolved": "https://registry.npmjs.org/universalify/-/universalify-0.2.0.tgz",
      "integrity": "sha512-CJ1QgKmNg3CwvAv/kOFmtnEN05f0D/cn9QntgNOQlQF9dgvVTHj3t+8JPdjqawCHk7V/KA+fbUqzZ9XWhcqPUg==",
      "optional": true,
      "engines": {
        "node": ">= 4.0.0"
      }
    },
    "node_modules/url-parse": {
      "version": "1.5.10",
      "resolved": "https://registry.npmjs.org/url-parse/-/url-parse-1.5.10.tgz",
      "integrity": "sha512-WypcfiRhfeUP9vvF0j6rw0J3hrWrw6iZv3+22h6iRMJ/8z1Tj6XfLP4DsUix5MhMPnXpiHDoKyoZ/bdCkwBCiQ==",
      "optional": true,
      "dependencies": {
        "querystringify": "^2.1.1",
        "requires-port": "^1.0.0"
      }
    },
    "node_modules/ws": {
      "version": "8.13.0",
      "resolved": "https://registry.npmjs.org/ws/-/ws-8.13.0.tgz",
      "integrity": "sha512-x9vcZYTrFPC7aSIbj7sRCYo7L/Xb8Iy+pW0ng0wt2vCJv7M9HOMy0UoN3rr+IFC7hb7vXoqS+P9ktyLLLhO+LA==",
      "optional": true,
      "engines": {
        "node": ">=10.0.0"
      },
      "peerDependencies": {
        "bufferutil": "^4.0.1",
        "utf-8-validate": ">=5.0.2"
      },
      "peerDependenciesMeta": {
        "bufferutil": {
          "optional": true
        },
        "utf-8-validate": {
          "optional": true
        }
      }
    }
  }
}
