{
  "name": "wallet-ui",
  "version": "0.0.0",
  "lockfileVersion": 3,
  "requires": true,
  "packages": {
    "": {
      "name": "wallet-ui",
      "version": "0.0.0",
      "license": "MIT",
      "dependencies": {
        "@dashincubator/base58check": "^1.4.1",
        "@dashincubator/ripemd160": "^3.0.0",
        "@dashincubator/secp256k1": "dashhive/secp256k1.js#sync-with-upstream",
        "@zxing/library": "^0.21.2",
        "crowdnode": "dashhive/crowdnode.js#ref-dashtx",
        "crypticstorage": "^0.0.2",
        "dashhd": "dashhive/DashHD.js#ref-secp256k1-2.1.0-compat",
        "dashkeys": "^1.1.4",
        "dashphrase": "^1.4.0",
        "dashsight": "dashhive/DashSight.js#feat/bulk-txs",
        "dashtx": "^0.16.0",
        "dashwallet": "^0.7.1",
        "html5-qrcode": "^2.3.8",
        "idb": "^8.0.0",
        "localforage": "^1.10.0",
        "qrcode-svg": "^1.1.0"
      },
      "devDependencies": {
        "@types/node": "^20.14.11"
      }
    },
    "node_modules/@dashincubator/base58check": {
      "version": "1.4.1",
      "resolved": "https://registry.npmjs.org/@dashincubator/base58check/-/base58check-1.4.1.tgz",
      "integrity": "sha512-JSAO+viM3pVgM93XSBAUhLvK18BlRIsmYU4eGuyrj1lz3Xa1oplSel94oG0SI5d2qTxdy0NfGT3vEFbiKpfj5Q==",
      "license": "SEE LICENSE IN LICENSE",
      "bin": {
        "base58check": "bin/base58check.js"
      }
    },
    "node_modules/@dashincubator/ripemd160": {
      "version": "3.0.0",
      "resolved": "https://registry.npmjs.org/@dashincubator/ripemd160/-/ripemd160-3.0.0.tgz",
      "integrity": "sha512-EbdXcceP2mW76NchCKp8UYNbZgWkLuV4Mbi30G82xRED32ljJzXsKaaVdzU0oVo2fVzPRXF1GhSF6Lq9beTVvA==",
      "license": "MIT"
    },
    "node_modules/@dashincubator/secp256k1": {
      "version": "2.1.0",
      "resolved": "git+ssh://git@github.com/dashhive/secp256k1.js.git#d587c1a24ca7d5c47f7cb519ca70a54920da3245",
      "license": "MIT"
    },
    "node_modules/@root/request": {
      "version": "1.9.2",
      "resolved": "https://registry.npmjs.org/@root/request/-/request-1.9.2.tgz",
      "integrity": "sha512-wVaL9yVV9oDR9UNbPZa20qgY+4Ch6YN8JUkaE4el/uuS5dmhD8Lusm/ku8qJVNtmQA56XLzEDCRS6/vfpiHK2A==",
      "license": "(MIT OR Apache-2.0)",
      "optional": true
    },
    "node_modules/@types/node": {
      "version": "20.14.12",
      "resolved": "https://registry.npmjs.org/@types/node/-/node-20.14.12.tgz",
      "integrity": "sha512-r7wNXakLeSsGT0H1AU863vS2wa5wBOK4bWMjZz2wj+8nBx+m5PeIn0k8AloSLpRuiwdRQZwarZqHE4FNArPuJQ==",
      "dev": true,
      "license": "MIT",
      "dependencies": {
        "undici-types": "~5.26.4"
      }
    },
    "node_modules/@zxing/library": {
      "version": "0.21.2",
      "resolved": "https://registry.npmjs.org/@zxing/library/-/library-0.21.2.tgz",
      "integrity": "sha512-VMCCSUJSld3tqG6aREJ6XBCxYuoQFcjrF1kowKPFqTA6QG1ixfm6bVfD7gP4jjfM0MX20wVB65DEXtjRsBmV6w==",
      "license": "MIT",
      "dependencies": {
        "ts-custom-error": "^3.2.1"
      },
      "engines": {
        "node": ">= 10.4.0"
      },
      "optionalDependencies": {
        "@zxing/text-encoding": "~0.9.0"
      }
    },
    "node_modules/@zxing/text-encoding": {
      "version": "0.9.0",
      "resolved": "https://registry.npmjs.org/@zxing/text-encoding/-/text-encoding-0.9.0.tgz",
      "integrity": "sha512-U/4aVJ2mxI0aDNI8Uq0wEhMgY+u4CNtEb0om3+y3+niDAsoTCOB33UF0sxpzqzdqXLqmvc+vZyAt4O8pPdfkwA==",
      "license": "(Unlicense OR Apache-2.0)",
      "optional": true
    },
    "node_modules/crowdnode": {
      "version": "1.8.0",
      "resolved": "git+ssh://git@github.com/dashhive/crowdnode.js.git#2cfe200186a3d3ed7d1fb29edac0657825ddf7d0",
      "license": "SEE LICENSE IN LICENSE",
      "bin": {
        "crowdnode": "bin/crowdnode.js"
      },
      "optionalDependencies": {
        "@dashincubator/base58check": "^1.4.1",
        "@dashincubator/ripemd160": "^3.0.0",
        "@dashincubator/secp256k1": "dashhive/secp256k1.js#sync-with-upstream",
        "@root/request": "^1.9.2",
        "dashhd": "dashhive/DashHD.js#ref-secp256k1-2.1.0-compat",
        "dashkeys": "^1.1.4",
        "dashsight": "^1.6.1",
        "dashtx": "^0.16.0",
        "dotenv": "^16.4.5",
        "qrcode-svg": "^1.1.0",
        "tough-cookie": "^4.1.4",
        "ws": "^8.18.0"
      }
    },
    "node_modules/crypticstorage": {
      "version": "0.0.2",
      "resolved": "https://registry.npmjs.org/crypticstorage/-/crypticstorage-0.0.2.tgz",
      "integrity": "sha512-PyiKq03ekJU1AwzYVchlm+LaUvDy939S1smmCD0fa60HLKVM0m6zEj4J/MXcm1BLrwdaZk9eRdJcau77nIOPAw==",
      "license": "MIT"
    },
    "node_modules/dashhd": {
      "version": "3.3.3",
      "resolved": "git+ssh://git@github.com/dashhive/DashHD.js.git#92cf91acf5633ed2ebed3b4f39d0d0f1d830679e",
      "license": "SEE LICENSE IN LICENSE"
    },
    "node_modules/dashkeys": {
      "version": "1.1.4",
      "resolved": "https://registry.npmjs.org/dashkeys/-/dashkeys-1.1.4.tgz",
      "integrity": "sha512-y62hg+r8V56gqUfvnyNqCmQ0MvA/wGmRPWfuKFKDCZY02dvWkhCD0zBRVpBGPjfk+T2gWKbkcrHOCrb2RXZ9cw==",
      "license": "SEE LICENSE IN LICENSE"
    },
    "node_modules/dashphrase": {
      "version": "1.4.0",
      "resolved": "https://registry.npmjs.org/dashphrase/-/dashphrase-1.4.0.tgz",
      "integrity": "sha512-o+LdiPkiYmg07kXBE+2bbcJzBmeTQVPn1GS2XlQeo8lene+KknAprSyiYi5XtqV/QVgNjvzOV7qBst2MijSPAA==",
      "license": "SEE LICENSE IN LICENSE"
    },
    "node_modules/dashsight": {
      "version": "1.6.1",
      "resolved": "git+ssh://git@github.com/dashhive/DashSight.js.git#11c1a740057ba646f89e8da2d85cb35dc67085f3",
      "license": "SEE LICENSE IN LICENSE",
      "dependencies": {
        "dashtx": "^0.9.0-3"
      },
      "bin": {
        "dashsight-balance": "bin/balance.js",
        "dashsight-instantsend": "bin/instantsend.js",
        "dashsight-tx": "bin/tx.js",
        "dashsight-txs": "bin/txs.js",
        "dashsight-utxos": "bin/utxos.js"
      },
      "optionalDependencies": {
        "dotenv": "^16.0.1"
      }
    },
    "node_modules/dashsight/node_modules/dashtx": {
      "version": "0.9.0",
      "resolved": "https://registry.npmjs.org/dashtx/-/dashtx-0.9.0.tgz",
      "integrity": "sha512-DDbH5vPChUpOrYMOoM+6g/Iy99KqG4nkJ6f8TphnGibzAY7mitjMgtFSc62YzbZdoPGYeSPm8N4jmz+Mbwm7Eg==",
      "license": "SEE LICENSE IN LICENSE",
      "bin": {
        "dashtx-inspect": "bin/inspect.js"
      }
    },
    "node_modules/dashtx": {
      "version": "0.16.0",
      "resolved": "https://registry.npmjs.org/dashtx/-/dashtx-0.16.0.tgz",
      "integrity": "sha512-YyLYzq8OPBLAU2DYmQEk0KXqAZkpQcNYXmZEBHJUjeRNEU4q9xDVK1Tqj3AUekQ2E71Ccyn1xp07zdU9XVD7WA==",
      "license": "SEE LICENSE IN LICENSE",
      "bin": {
        "dashtx-inspect": "bin/inspect.js"
      }
    },
    "node_modules/dashwallet": {
      "version": "0.7.1",
      "resolved": "https://registry.npmjs.org/dashwallet/-/dashwallet-0.7.1.tgz",
      "integrity": "sha512-ZaRCMkMSm0tISEncuqv/5XFOZhqPwCvHiI2aGruZyRRDMgtOlaJzewyhSj4No+s2mivlov+ZDevkfpL9CvfReA==",
      "license": "SEE LICENSE IN LICENSE",
      "dependencies": {
        "dashhd": "^3.3.0",
        "dashphrase": "^1.4.0",
        "dashsight": "^1.6.1",
        "dashtx": "^0.14.1"
      }
    },
    "node_modules/dashwallet/node_modules/dashtx": {
      "version": "0.14.5",
      "resolved": "https://registry.npmjs.org/dashtx/-/dashtx-0.14.5.tgz",
      "integrity": "sha512-PTb509T6iKQXcEfP3blmmZr/gOdRL3NEQUAaXKOAG32MgespbHFtNVLO3cT8LfFDVVJ1HCoaIy5VsblgfV67xg==",
      "license": "SEE LICENSE IN LICENSE",
      "bin": {
        "dashtx-inspect": "bin/inspect.js"
      }
    },
    "node_modules/dotenv": {
      "version": "16.4.5",
      "resolved": "https://registry.npmjs.org/dotenv/-/dotenv-16.4.5.tgz",
      "integrity": "sha512-ZmdL2rui+eB2YwhsWzjInR8LldtZHGDoQ1ugH85ppHKwpUHL7j7rN0Ti9NCnGiQbhaZ11FpR+7ao1dNsmduNUg==",
      "license": "BSD-2-Clause",
      "optional": true,
      "engines": {
        "node": ">=12"
      },
      "funding": {
        "url": "https://dotenvx.com"
      }
    },
    "node_modules/html5-qrcode": {
      "version": "2.3.8",
      "resolved": "https://registry.npmjs.org/html5-qrcode/-/html5-qrcode-2.3.8.tgz",
      "integrity": "sha512-jsr4vafJhwoLVEDW3n1KvPnCCXWaQfRng0/EEYk1vNcQGcG/htAdhJX0be8YyqMoSz7+hZvOZSTAepsabiuhiQ==",
      "license": "Apache-2.0"
    },
    "node_modules/idb": {
      "version": "8.0.0",
      "resolved": "https://registry.npmjs.org/idb/-/idb-8.0.0.tgz",
      "integrity": "sha512-l//qvlAKGmQO31Qn7xdzagVPPaHTxXx199MhrAFuVBTPqydcPYBWjkrbv4Y0ktB+GmWOiwHl237UUOrLmQxLvw==",
      "license": "ISC"
    },
    "node_modules/immediate": {
      "version": "3.0.6",
      "resolved": "https://registry.npmjs.org/immediate/-/immediate-3.0.6.tgz",
      "integrity": "sha512-XXOFtyqDjNDAQxVfYxuF7g9Il/IbWmmlQg2MYKOH8ExIT1qg6xc4zyS3HaEEATgs1btfzxq15ciUiY7gjSXRGQ==",
      "license": "MIT"
    },
    "node_modules/lie": {
      "version": "3.1.1",
      "resolved": "https://registry.npmjs.org/lie/-/lie-3.1.1.tgz",
      "integrity": "sha512-RiNhHysUjhrDQntfYSfY4MU24coXXdEOgw9WGcKHNeEwffDYbF//u87M1EWaMGzuFoSbqW0C9C6lEEhDOAswfw==",
      "license": "MIT",
      "dependencies": {
        "immediate": "~3.0.5"
      }
    },
    "node_modules/localforage": {
      "version": "1.10.0",
      "resolved": "https://registry.npmjs.org/localforage/-/localforage-1.10.0.tgz",
      "integrity": "sha512-14/H1aX7hzBBmmh7sGPd+AOMkkIrHM3Z1PAyGgZigA1H1p5O5ANnMyWzvpAETtG68/dC4pC0ncy3+PPGzXZHPg==",
      "license": "Apache-2.0",
      "dependencies": {
        "lie": "3.1.1"
      }
    },
    "node_modules/psl": {
      "version": "1.9.0",
      "resolved": "https://registry.npmjs.org/psl/-/psl-1.9.0.tgz",
      "integrity": "sha512-E/ZsdU4HLs/68gYzgGTkMicWTLPdAftJLfJFlLUAAKZGkStNU72sZjT66SnMDVOfOWY/YAoiD7Jxa9iHvngcag==",
      "license": "MIT",
      "optional": true
    },
    "node_modules/punycode": {
      "version": "2.3.1",
      "resolved": "https://registry.npmjs.org/punycode/-/punycode-2.3.1.tgz",
      "integrity": "sha512-vYt7UD1U9Wg6138shLtLOvdAu+8DsC/ilFtEVHcH+wydcSpNE20AfSOduf6MkRFahL5FY7X1oU7nKVZFtfq8Fg==",
      "license": "MIT",
      "optional": true,
      "engines": {
        "node": ">=6"
      }
    },
    "node_modules/qrcode-svg": {
      "version": "1.1.0",
      "resolved": "https://registry.npmjs.org/qrcode-svg/-/qrcode-svg-1.1.0.tgz",
      "integrity": "sha512-XyQCIXux1zEIA3NPb0AeR8UMYvXZzWEhgdBgBjH9gO7M48H9uoHzviNz8pXw3UzrAcxRRRn9gxHewAVK7bn9qw==",
      "license": "MIT",
      "bin": {
        "qrcode-svg": "bin/qrcode-svg.js"
      }
    },
    "node_modules/querystringify": {
      "version": "2.2.0",
      "resolved": "https://registry.npmjs.org/querystringify/-/querystringify-2.2.0.tgz",
      "integrity": "sha512-FIqgj2EUvTa7R50u0rGsyTftzjYmv/a3hO345bZNrqabNqjtgiDMgmo4mkUjd+nzU5oF3dClKqFIPUKybUyqoQ==",
      "license": "MIT",
      "optional": true
    },
    "node_modules/requires-port": {
      "version": "1.0.0",
      "resolved": "https://registry.npmjs.org/requires-port/-/requires-port-1.0.0.tgz",
      "integrity": "sha512-KigOCHcocU3XODJxsu8i/j8T9tzT4adHiecwORRQ0ZZFcp7ahwXuRU1m+yuO90C5ZUyGeGfocHDI14M3L3yDAQ==",
      "license": "MIT",
      "optional": true
    },
    "node_modules/tough-cookie": {
      "version": "4.1.4",
      "resolved": "https://registry.npmjs.org/tough-cookie/-/tough-cookie-4.1.4.tgz",
      "integrity": "sha512-Loo5UUvLD9ScZ6jh8beX1T6sO1w2/MpCRpEP7V280GKMVUQ0Jzar2U3UJPsrdbziLEMMhu3Ujnq//rhiFuIeag==",
      "license": "BSD-3-Clause",
      "optional": true,
      "dependencies": {
        "psl": "^1.1.33",
        "punycode": "^2.1.1",
        "universalify": "^0.2.0",
        "url-parse": "^1.5.3"
      },
      "engines": {
        "node": ">=6"
      }
    },
    "node_modules/ts-custom-error": {
      "version": "3.3.1",
      "resolved": "https://registry.npmjs.org/ts-custom-error/-/ts-custom-error-3.3.1.tgz",
      "integrity": "sha512-5OX1tzOjxWEgsr/YEUWSuPrQ00deKLh6D7OTWcvNHm12/7QPyRh8SYpyWvA4IZv8H/+GQWQEh/kwo95Q9OVW1A==",
      "license": "MIT",
      "engines": {
        "node": ">=14.0.0"
      }
    },
    "node_modules/undici-types": {
      "version": "5.26.5",
      "resolved": "https://registry.npmjs.org/undici-types/-/undici-types-5.26.5.tgz",
      "integrity": "sha512-JlCMO+ehdEIKqlFxk6IfVoAUVmgz7cU7zD/h9XZ0qzeosSHmUJVOzSQvvYSYWXkFXC+IfLKSIffhv0sVZup6pA==",
      "dev": true,
      "license": "MIT"
    },
    "node_modules/universalify": {
      "version": "0.2.0",
      "resolved": "https://registry.npmjs.org/universalify/-/universalify-0.2.0.tgz",
      "integrity": "sha512-CJ1QgKmNg3CwvAv/kOFmtnEN05f0D/cn9QntgNOQlQF9dgvVTHj3t+8JPdjqawCHk7V/KA+fbUqzZ9XWhcqPUg==",
      "license": "MIT",
      "optional": true,
      "engines": {
        "node": ">= 4.0.0"
      }
    },
    "node_modules/url-parse": {
      "version": "1.5.10",
      "resolved": "https://registry.npmjs.org/url-parse/-/url-parse-1.5.10.tgz",
      "integrity": "sha512-WypcfiRhfeUP9vvF0j6rw0J3hrWrw6iZv3+22h6iRMJ/8z1Tj6XfLP4DsUix5MhMPnXpiHDoKyoZ/bdCkwBCiQ==",
      "license": "MIT",
      "optional": true,
      "dependencies": {
        "querystringify": "^2.1.1",
        "requires-port": "^1.0.0"
      }
    },
    "node_modules/ws": {
      "version": "8.18.0",
      "resolved": "https://registry.npmjs.org/ws/-/ws-8.18.0.tgz",
      "integrity": "sha512-8VbfWfHLbbwu3+N6OKsOMpBdT4kXPDDB9cJk2bJ6mh9ucxdlnNvH1e+roYkKmN9Nxw2yjz7VzeO9oOz2zJ04Pw==",
      "license": "MIT",
      "optional": true,
      "engines": {
        "node": ">=10.0.0"
      },
      "peerDependencies": {
        "bufferutil": "^4.0.1",
        "utf-8-validate": ">=5.0.2"
      },
      "peerDependenciesMeta": {
        "bufferutil": {
          "optional": true
        },
        "utf-8-validate": {
          "optional": true
        }
      }
    }
  }
}
